
Microsoft Visual Studio Solution File, Format Version 12.00
# Visual Studio Version 17
VisualStudioVersion = 17.11.35303.130
MinimumVisualStudioVersion = 10.0.40219.1
Project("{FAE04EC0-301F-11D3-BF4B-00C04F79EFBC}") = "SalesWebMvc", "SalesWebMvc\SalesWebMvc.csproj", "{7FF71482-2286-46AF-8B1C-3B567D9ADC5B}"
EndProject
Global
	GlobalSection(SolutionConfigurationPlatforms) = preSolution
		Debug|Any CPU = Debug|Any CPU
		Release|Any CPU = Release|Any CPU
	EndGlobalSection
	GlobalSection(ProjectConfigurationPlatforms) = postSolution
		{7FF71482-2286-46AF-8B1C-3B567D9ADC5B}.Debug|Any CPU.ActiveCfg = Debug|Any CPU
		{7FF71482-2286-46AF-8B1C-3B567D9ADC5B}.Debug|Any CPU.Build.0 = Debug|Any CPU
		{7FF71482-2286-46AF-8B1C-3B567D9ADC5B}.Release|Any CPU.ActiveCfg = Release|Any CPU
		{7FF71482-2286-46AF-8B1C-3B567D9ADC5B}.Release|Any CPU.Build.0 = Release|Any CPU
	EndGlobalSection
	GlobalSection(SolutionProperties) = preSolution
		HideSolutionNode = FALSE
	EndGlobalSection
	GlobalSection(ExtensibilityGlobals) = postSolution
		SolutionGuid = {13EAEE6B-06DB-41BD-AE00-EF7E817B6ED3}
	EndGlobalSection
EndGlobal
